// !$*UTF8*$!
{
	archiveVersion = 1;
	classes = {
	};
	objectVersion = 55;
	objects = {

/* Begin PBXBuildFile section */
		48287A3027A5C0DA00C528D5 /* AppDelegate.swift in Sources */ = {isa = PBXBuildFile; fileRef = 48287A2F27A5C0DA00C528D5 /* AppDelegate.swift */; };
		48287A3227A5C0DA00C528D5 /* SceneDelegate.swift in Sources */ = {isa = PBXBuildFile; fileRef = 48287A3127A5C0DA00C528D5 /* SceneDelegate.swift */; };
		48287A3427A5C0DA00C528D5 /* TableViewController.swift in Sources */ = {isa = PBXBuildFile; fileRef = 48287A3327A5C0DA00C528D5 /* TableViewController.swift */; };
		48287A3727A5C0DA00C528D5 /* Main.storyboard in Resources */ = {isa = PBXBuildFile; fileRef = 48287A3527A5C0DA00C528D5 /* Main.storyboard */; };
		48287A3927A5C0DB00C528D5 /* Assets.xcassets in Resources */ = {isa = PBXBuildFile; fileRef = 48287A3827A5C0DB00C528D5 /* Assets.xcassets */; };
		48287A3C27A5C0DB00C528D5 /* LaunchScreen.storyboard in Resources */ = {isa = PBXBuildFile; fileRef = 48287A3A27A5C0DB00C528D5 /* LaunchScreen.storyboard */; };
		48287A4427A5C22500C528D5 /* Filme.swift in Sources */ = {isa = PBXBuildFile; fileRef = 48287A4327A5C22500C528D5 /* Filme.swift */; };
/* End PBXBuildFile section */

/* Begin PBXFileReference section */
		48287A2C27A5C0DA00C528D5 /* MeusFilmes.app */ = {isa = PBXFileReference; explicitFileType = wrapper.application; includeInIndex = 0; path = MeusFilmes.app; sourceTree = BUILT_PRODUCTS_DIR; };
		48287A2F27A5C0DA00C528D5 /* AppDelegate.swift */ = {isa = PBXFileReference; lastKnownFileType = sourcecode.swift; path = AppDelegate.swift; sourceTree = "<group>"; };
		48287A3127A5C0DA00C528D5 /* SceneDelegate.swift */ = {isa = PBXFileReference; lastKnownFileType = sourcecode.swift; path = SceneDelegate.swift; sourceTree = "<group>"; };
		48287A3327A5C0DA00C528D5 /* TableViewController.swift */ = {isa = PBXFileReference; lastKnownFileType = sourcecode.swift; path = TableViewController.swift; sourceTree = "<group>"; };
		48287A3627A5C0DA00C528D5 /* Base */ = {isa = PBXFileReference; lastKnownFileType = file.storyboard; name = Base; path = Base.lproj/Main.storyboard; sourceTree = "<group>"; };
		48287A3827A5C0DB00C528D5 /* Assets.xcassets */ = {isa = PBXFileReference; lastKnownFileType = folder.assetcatalog; path = Assets.xcassets; sourceTree = "<group>"; };
		48287A3B27A5C0DB00C528D5 /* Base */ = {isa = PBXFileReference; lastKnownFileType = file.storyboard; name = Base; path = Base.lproj/LaunchScreen.storyboard; sourceTree = "<group>"; };
		48287A3D27A5C0DB00C528D5 /* Info.plist */ = {isa = PBXFileReference; lastKnownFileType = text.plist.xml; path = Info.plist; sourceTree = "<group>"; };
		48287A4327A5C22500C528D5 /* Filme.swift */ = {isa = PBXFileReference; lastKnownFileType = sourcecode.swift; path = Filme.swift; sourceTree = "<group>"; };
/* End PBXFileReference section */

/* Begin PBXFrameworksBuildPhase section */
		48287A2927A5C0D900C528D5 /* Frameworks */ = {
			isa = PBXFrameworksBuildPhase;
			buildActionMask = 2147483647;
			files = (
			);
			runOnlyForDeploymentPostprocessing = 0;
		};
/* End PBXFrameworksBuildPhase section */

/* Begin PBXGroup section */
		48287A2327A5C0D900C528D5 = {
			isa = PBXGroup;
			children = (
				48287A2E27A5C0DA00C528D5 /* MeusFilmes */,
				48287A2D27A5C0DA00C528D5 /* Products */,
			);
			sourceTree = "<group>";
		};
		48287A2D27A5C0DA00C528D5 /* Products */ = {
			isa = PBXGroup;
			children = (
				48287A2C27A5C0DA00C528D5 /* MeusFilmes.app */,
			);
			name = Products;
			sourceTree = "<group>";
		};
		48287A2E27A5C0DA00C528D5 /* MeusFilmes */ = {
			isa = PBXGroup;
			children = (
				48287A4627A5C3F000C528D5 /* Domain */,
				48287A4527A5C3E100C528D5 /* Controller */,
				48287A2F27A5C0DA00C528D5 /* AppDelegate.swift */,
				48287A3127A5C0DA00C528D5 /* SceneDelegate.swift */,
				48287A3527A5C0DA00C528D5 /* Main.storyboard */,
				48287A3827A5C0DB00C528D5 /* Assets.xcassets */,
				48287A3A27A5C0DB00C528D5 /* LaunchScreen.storyboard */,
				48287A3D27A5C0DB00C528D5 /* Info.plist */,
			);
			path = MeusFilmes;
			sourceTree = "<group>";
		};
		48287A4527A5C3E100C528D5 /* Controller */ = {
			isa = PBXGroup;
			children = (
				48287A3327A5C0DA00C528D5 /* TableViewController.swift */,
			);
			path = Controller;
			sourceTree = "<group>";
		};
		48287A4627A5C3F000C528D5 /* Domain */ = {
			isa = PBXGroup;
			children = (
				48287A4327A5C22500C528D5 /* Filme.swift */,
			);
			path = Domain;
			sourceTree = "<group>";
		};
/* End PBXGroup section */

/* Begin PBXNativeTarget section */
		48287A2B27A5C0D900C528D5 /* MeusFilmes */ = {
			isa = PBXNativeTarget;
			buildConfigurationList = 48287A4027A5C0DB00C528D5 /* Build configuration list for PBXNativeTarget "MeusFilmes" */;
			buildPhases = (
				48287A2827A5C0D900C528D5 /* Sources */,
				48287A2927A5C0D900C528D5 /* Frameworks */,
				48287A2A27A5C0D900C528D5 /* Resources */,
			);
			buildRules = (
			);
			dependencies = (
			);
			name = MeusFilmes;
			productName = MeusFilmes;
			productReference = 48287A2C27A5C0DA00C528D5 /* MeusFilmes.app */;
			productType = "com.apple.product-type.application";
		};
/* End PBXNativeTarget section */

/* Begin PBXProject section */
		48287A2427A5C0D900C528D5 /* Project object */ = {
			isa = PBXProject;
			attributes = {
				BuildIndependentTargetsInParallel = 1;
				LastSwiftUpdateCheck = 1320;
				LastUpgradeCheck = 1320;
				TargetAttributes = {
					48287A2B27A5C0D900C528D5 = {
						CreatedOnToolsVersion = 13.2;
					};
				};
			};
			buildConfigurationList = 48287A2727A5C0D900C528D5 /* Build configuration list for PBXProject "MeusFilmes" */;
			compatibilityVersion = "Xcode 13.0";
			developmentRegion = en;
			hasScannedForEncodings = 0;
			knownRegions = (
				en,
				Base,
			);
			mainGroup = 48287A2327A5C0D900C528D5;
			productRefGroup = 48287A2D27A5C0DA00C528D5 /* Products */;
			projectDirPath = "";
			projectRoot = "";
			targets = (
				48287A2B27A5C0D900C528D5 /* MeusFilmes */,
			);
		};
/* End PBXProject section */

/* Begin PBXResourcesBuildPhase section */
		48287A2A27A5C0D900C528D5 /* Resources */ = {
			isa = PBXResourcesBuildPhase;
			buildActionMask = 2147483647;
			files = (
				48287A3C27A5C0DB00C528D5 /* LaunchScreen.storyboard in Resources */,
				48287A3927A5C0DB00C528D5 /* Assets.xcassets in Resources */,
				48287A3727A5C0DA00C528D5 /* Main.storyboard in Resources */,
			);
			runOnlyForDeploymentPostprocessing = 0;
		};
/* End PBXResourcesBuildPhase section */

/* Begin PBXSourcesBuildPhase section */
		48287A2827A5C0D900C528D5 /* Sources */ = {
			isa = PBXSourcesBuildPhase;
			buildActionMask = 2147483647;
			files = (
				48287A3427A5C0DA00C528D5 /* TableViewController.swift in Sources */,
				48287A3027A5C0DA00C528D5 /* AppDelegate.swift in Sources */,
				48287A3227A5C0DA00C528D5 /* SceneDelegate.swift in Sources */,
				48287A4427A5C22500C528D5 /* Filme.swift in Sources */,
			);
			runOnlyForDeploymentPostprocessing = 0;
		};
/* End PBXSourcesBuildPhase section */

/* Begin PBXVariantGroup section */
		48287A3527A5C0DA00C528D5 /* Main.storyboard */ = {
			isa = PBXVariantGroup;
			children = (
				48287A3627A5C0DA00C528D5 /* Base */,
			);
			name = Main.storyboard;
			sourceTree = "<group>";
		};
		48287A3A27A5C0DB00C528D5 /* LaunchScreen.storyboard */ = {
			isa = PBXVariantGroup;
			children = (
				48287A3B27A5C0DB00C528D5 /* Base */,
			);
			name = LaunchScreen.storyboard;
			sourceTree = "<group>";
		};
/* End PBXVariantGroup section */

/* Begin XCBuildConfiguration section */
		48287A3E27A5C0DB00C528D5 /* Debug */ = {
			isa = XCBuildConfiguration;
			buildSettings = {
				ALWAYS_SEARCH_USER_PATHS = NO;
				CLANG_ANALYZER_NONNULL = YES;
				CLANG_ANALYZER_NUMBER_OBJECT_CONVERSION = YES_AGGRESSIVE;
				CLANG_CXX_LANGUAGE_STANDARD = "gnu++17";
				CLANG_CXX_LIBRARY = "libc++";
				CLANG_ENABLE_MODULES = YES;
				CLANG_ENABLE_OBJC_ARC = YES;
				CLANG_ENABLE_OBJC_WEAK = YES;
				CLANG_WARN_BLOCK_CAPTURE_AUTORELEASING = YES;
				CLANG_WARN_BOOL_CONVERSION = YES;
				CLANG_WARN_COMMA = YES;
				CLANG_WARN_CONSTANT_CONVERSION = YES;
				CLANG_WARN_DEPRECATED_OBJC_IMPLEMENTATIONS = YES;
				CLANG_WARN_DIRECT_OBJC_ISA_USAGE = YES_ERROR;
				CLANG_WARN_DOCUMENTATION_COMMENTS = YES;
				CLANG_WARN_EMPTY_BODY = YES;
				CLANG_WARN_ENUM_CONVERSION = YES;
				CLANG_WARN_INFINITE_RECURSION = YES;
				CLANG_WARN_INT_CONVERSION = YES;
				CLANG_WARN_NON_LITERAL_NULL_CONVERSION = YES;
				CLANG_WARN_OBJC_IMPLICIT_RETAIN_SELF = YES;
				CLANG_WARN_OBJC_LITERAL_CONVERSION = YES;
				CLANG_WARN_OBJC_ROOT_CLASS = YES_ERROR;
				CLANG_WARN_QUOTED_INCLUDE_IN_FRAMEWORK_HEADER = YES;
				CLANG_WARN_RANGE_LOOP_ANALYSIS = YES;
				CLANG_WARN_STRICT_PROTOTYPES = YES;
				CLANG_WARN_SUSPICIOUS_MOVE = YES;
				CLANG_WARN_UNGUARDED_AVAILABILITY = YES_AGGRESSIVE;
				CLANG_WARN_UNREACHABLE_CODE = YES;
				CLANG_WARN__DUPLICATE_METHOD_MATCH = YES;
				COPY_PHASE_STRIP = NO;
				DEBUG_INFORMATION_FORMAT = dwarf;
				ENABLE_STRICT_OBJC_MSGSEND = YES;
				ENABLE_TESTABILITY = YES;
				GCC_C_LANGUAGE_STANDARD = gnu11;
				GCC_DYNAMIC_NO_PIC = NO;
				GCC_NO_COMMON_BLOCKS = YES;
				GCC_OPTIMIZATION_LEVEL = 0;
				GCC_PREPROCESSOR_DEFINITIONS = (
					"DEBUG=1",
					"$(inherited)",
				);
				GCC_WARN_64_TO_32_BIT_CONVERSION = YES;
				GCC_WARN_ABOUT_RETURN_TYPE = YES_ERROR;
				GCC_WARN_UNDECLARED_SELECTOR = YES;
				GCC_WARN_UNINITIALIZED_AUTOS = YES_AGGRESSIVE;
				GCC_WARN_UNUSED_FUNCTION = YES;
				GCC_WARN_UNUSED_VARIABLE = YES;
				IPHONEOS_DEPLOYMENT_TARGET = 15.2;
				MTL_ENABLE_DEBUG_INFO = INCLUDE_SOURCE;
				MTL_FAST_MATH = YES;
				ONLY_ACTIVE_ARCH = YES;
				SDKROOT = iphoneos;
				SWIFT_ACTIVE_COMPILATION_CONDITIONS = DEBUG;
				SWIFT_OPTIMIZATION_LEVEL = "-Onone";
			};
			name = Debug;
		};
		48287A3F27A5C0DB00C528D5 /* Release */ = {
			isa = XCBuildConfiguration;
			buildSettings = {
				ALWAYS_SEARCH_USER_PATHS = NO;
				CLANG_ANALYZER_NONNULL = YES;
				CLANG_ANALYZER_NUMBER_OBJECT_CONVERSION = YES_AGGRESSIVE;
				CLANG_CXX_LANGUAGE_STANDARD = "gnu++17";
				CLANG_CXX_LIBRARY = "libc++";
				CLANG_ENABLE_MODULES = YES;
				CLANG_ENABLE_OBJC_ARC = YES;
				CLANG_ENABLE_OBJC_WEAK = YES;
				CLANG_WARN_BLOCK_CAPTURE_AUTORELEASING = YES;
				CLANG_WARN_BOOL_CONVERSION = YES;
				CLANG_WARN_COMMA = YES;
				CLANG_WARN_CONSTANT_CONVERSION = YES;
				CLANG_WARN_DEPRECATED_OBJC_IMPLEMENTATIONS = YES;
				CLANG_WARN_DIRECT_OBJC_ISA_USAGE = YES_ERROR;
				CLANG_WARN_DOCUMENTATION_COMMENTS = YES;
				CLANG_WARN_EMPTY_BODY = YES;
				CLANG_WARN_ENUM_CONVERSION = YES;
				CLANG_WARN_INFINITE_RECURSION = YES;
				CLANG_WARN_INT_CONVERSION = YES;
				CLANG_WARN_NON_LITERAL_NULL_CONVERSION = YES;
				CLANG_WARN_OBJC_IMPLICIT_RETAIN_SELF = YES;
				CLANG_WARN_OBJC_LITERAL_CONVERSION = YES;
				CLANG_WARN_OBJC_ROOT_CLASS = YES_ERROR;
				CLANG_WARN_QUOTED_INCLUDE_IN_FRAMEWORK_HEADER = YES;
				CLANG_WARN_RANGE_LOOP_ANALYSIS = YES;
				CLANG_WARN_STRICT_PROTOTYPES = YES;
				CLANG_WARN_SUSPICIOUS_MOVE = YES;
				CLANG_WARN_UNGUARDED_AVAILABILITY = YES_AGGRESSIVE;
				CLANG_WARN_UNREACHABLE_CODE = YES;
				CLANG_WARN__DUPLICATE_METHOD_MATCH = YES;
				COPY_PHASE_STRIP = NO;
				DEBUG_INFORMATION_FORMAT = "dwarf-with-dsym";
				ENABLE_NS_ASSERTIONS = NO;
				ENABLE_STRICT_OBJC_MSGSEND = YES;
				GCC_C_LANGUAGE_STANDARD = gnu11;
				GCC_NO_COMMON_BLOCKS = YES;
				GCC_WARN_64_TO_32_BIT_CONVERSION = YES;
				GCC_WARN_ABOUT_RETURN_TYPE = YES_ERROR;
				GCC_WARN_UNDECLARED_SELECTOR = YES;
				GCC_WARN_UNINITIALIZED_AUTOS = YES_AGGRESSIVE;
				GCC_WARN_UNUSED_FUNCTION = YES;
				GCC_WARN_UNUSED_VARIABLE = YES;
				IPHONEOS_DEPLOYMENT_TARGET = 15.2;
				MTL_ENABLE_DEBUG_INFO = NO;
				MTL_FAST_MATH = YES;
				SDKROOT = iphoneos;
				SWIFT_COMPILATION_MODE = wholemodule;
				SWIFT_OPTIMIZATION_LEVEL = "-O";
				VALIDATE_PRODUCT = YES;
			};
			name = Release;
		};
		48287A4127A5C0DB00C528D5 /* Debug */ = {
			isa = XCBuildConfiguration;
			buildSettings = {
				ASSETCATALOG_COMPILER_APPICON_NAME = AppIcon;
				ASSETCATALOG_COMPILER_GLOBAL_ACCENT_COLOR_NAME = AccentColor;
				CODE_SIGN_STYLE = Automatic;
				CURRENT_PROJECT_VERSION = 1;
				DEVELOPMENT_TEAM = LX4RJK2S2B;
				GENERATE_INFOPLIST_FILE = YES;
				INFOPLIST_FILE = MeusFilmes/Info.plist;
				INFOPLIST_KEY_UIApplicationSupportsIndirectInputEvents = YES;
				INFOPLIST_KEY_UILaunchStoryboardName = LaunchScreen;
				INFOPLIST_KEY_UIMainStoryboardFile = Main;
				INFOPLIST_KEY_UISupportedInterfaceOrientations_iPad = "UIInterfaceOrientationPortrait UIInterfaceOrientationPortraitUpsideDown UIInterfaceOrientationLandscapeLeft UIInterfaceOrientationLandscapeRight";
				INFOPLIST_KEY_UISupportedInterfaceOrientations_iPhone = "UIInterfaceOrientationPortrait UIInterfaceOrientationLandscapeLeft UIInterfaceOrientationLandscapeRight";
				LD_RUNPATH_SEARCH_PATHS = (
					"$(inherited)",
					"@executable_path/Frameworks",
				);
				MARKETING_VERSION = 1.0;
				PRODUCT_BUNDLE_IDENTIFIER = br.com.bendazzoli.MeusFilmes;
				PRODUCT_NAME = "$(TARGET_NAME)";
				SWIFT_EMIT_LOC_STRINGS = YES;
				SWIFT_VERSION = 5.0;
				TARGETED_DEVICE_FAMILY = "1,2";
			};
			name = Debug;
		};
		48287A4227A5C0DB00C528D5 /* Release */ = {
			isa = XCBuildConfiguration;
			buildSettings = {
				ASSETCATALOG_COMPILER_APPICON_NAME = AppIcon;
				ASSETCATALOG_COMPILER_GLOBAL_ACCENT_COLOR_NAME = AccentColor;
				CODE_SIGN_STYLE = Automatic;
				CURRENT_PROJECT_VERSION = 1;
				DEVELOPMENT_TEAM = LX4RJK2S2B;
				GENERATE_INFOPLIST_FILE = YES;
				INFOPLIST_FILE = MeusFilmes/Info.plist;
				INFOPLIST_KEY_UIApplicationSupportsIndirectInputEvents = YES;
				INFOPLIST_KEY_UILaunchStoryboardName = LaunchScreen;
				INFOPLIST_KEY_UIMainStoryboardFile = Main;
				INFOPLIST_KEY_UISupportedInterfaceOrientations_iPad = "UIInterfaceOrientationPortrait UIInterfaceOrientationPortraitUpsideDown UIInterfaceOrientationLandscapeLeft UIInterfaceOrientationLandscapeRight";
				INFOPLIST_KEY_UISupportedInterfaceOrientations_iPhone = "UIInterfaceOrientationPortrait UIInterfaceOrientationLandscapeLeft UIInterfaceOrientationLandscapeRight";
				LD_RUNPATH_SEARCH_PATHS = (
					"$(inherited)",
					"@executable_path/Frameworks",
				);
				MARKETING_VERSION = 1.0;
				PRODUCT_BUNDLE_IDENTIFIER = br.com.bendazzoli.MeusFilmes;
				PRODUCT_NAME = "$(TARGET_NAME)";
				SWIFT_EMIT_LOC_STRINGS = YES;
				SWIFT_VERSION = 5.0;
				TARGETED_DEVICE_FAMILY = "1,2";
			};
			name = Release;
		};
/* End XCBuildConfiguration section */

/* Begin XCConfigurationList section */
		48287A2727A5C0D900C528D5 /* Build configuration list for PBXProject "MeusFilmes" */ = {
			isa = XCConfigurationList;
			buildConfigurations = (
				48287A3E27A5C0DB00C528D5 /* Debug */,
				48287A3F27A5C0DB00C528D5 /* Release */,
			);
			defaultConfigurationIsVisible = 0;
			defaultConfigurationName = Release;
		};
		48287A4027A5C0DB00C528D5 /* Build configuration list for PBXNativeTarget "MeusFilmes" */ = {
			isa = XCConfigurationList;
			buildConfigurations = (
				48287A4127A5C0DB00C528D5 /* Debug */,
				48287A4227A5C0DB00C528D5 /* Release */,
			);
			defaultConfigurationIsVisible = 0;
			defaultConfigurationName = Release;
		};
/* End XCConfigurationList section */
	};
	rootObject = 48287A2427A5C0D900C528D5 /* Project object */;
}
