// !$*UTF8*$!
{
	archiveVersion = 1;
	classes = {
	};
	objectVersion = 55;
	objects = {

/* Begin PBXBuildFile section */
		48C2B12F27BA830B00CEB60C /* AppDelegate.swift in Sources */ = {isa = PBXBuildFile; fileRef = 48C2B12E27BA830B00CEB60C /* AppDelegate.swift */; };
		48C2B13127BA830B00CEB60C /* SceneDelegate.swift in Sources */ = {isa = PBXBuildFile; fileRef = 48C2B13027BA830B00CEB60C /* SceneDelegate.swift */; };
		48C2B13327BA830B00CEB60C /* ViewController.swift in Sources */ = {isa = PBXBuildFile; fileRef = 48C2B13227BA830B00CEB60C /* ViewController.swift */; };
		48C2B13627BA830B00CEB60C /* Main.storyboard in Resources */ = {isa = PBXBuildFile; fileRef = 48C2B13427BA830B00CEB60C /* Main.storyboard */; };
		48C2B13827BA830C00CEB60C /* Assets.xcassets in Resources */ = {isa = PBXBuildFile; fileRef = 48C2B13727BA830C00CEB60C /* Assets.xcassets */; };
		48C2B13B27BA830C00CEB60C /* LaunchScreen.storyboard in Resources */ = {isa = PBXBuildFile; fileRef = 48C2B13927BA830C00CEB60C /* LaunchScreen.storyboard */; };
		48C2B14627BA830D00CEB60C /* BitcoinPriceTests.swift in Sources */ = {isa = PBXBuildFile; fileRef = 48C2B14527BA830D00CEB60C /* BitcoinPriceTests.swift */; };
		48C2B15027BA830D00CEB60C /* BitcoinPriceUITests.swift in Sources */ = {isa = PBXBuildFile; fileRef = 48C2B14F27BA830D00CEB60C /* BitcoinPriceUITests.swift */; };
		48C2B15227BA830D00CEB60C /* BitcoinPriceUITestsLaunchTests.swift in Sources */ = {isa = PBXBuildFile; fileRef = 48C2B15127BA830D00CEB60C /* BitcoinPriceUITestsLaunchTests.swift */; };
/* End PBXBuildFile section */

/* Begin PBXContainerItemProxy section */
		48C2B14227BA830D00CEB60C /* PBXContainerItemProxy */ = {
			isa = PBXContainerItemProxy;
			containerPortal = 48C2B12327BA830B00CEB60C /* Project object */;
			proxyType = 1;
			remoteGlobalIDString = 48C2B12A27BA830B00CEB60C;
			remoteInfo = BitcoinPrice;
		};
		48C2B14C27BA830D00CEB60C /* PBXContainerItemProxy */ = {
			isa = PBXContainerItemProxy;
			containerPortal = 48C2B12327BA830B00CEB60C /* Project object */;
			proxyType = 1;
			remoteGlobalIDString = 48C2B12A27BA830B00CEB60C;
			remoteInfo = BitcoinPrice;
		};
/* End PBXContainerItemProxy section */

/* Begin PBXFileReference section */
		48C2B12B27BA830B00CEB60C /* BitcoinPrice.app */ = {isa = PBXFileReference; explicitFileType = wrapper.application; includeInIndex = 0; path = BitcoinPrice.app; sourceTree = BUILT_PRODUCTS_DIR; };
		48C2B12E27BA830B00CEB60C /* AppDelegate.swift */ = {isa = PBXFileReference; lastKnownFileType = sourcecode.swift; path = AppDelegate.swift; sourceTree = "<group>"; };
		48C2B13027BA830B00CEB60C /* SceneDelegate.swift */ = {isa = PBXFileReference; lastKnownFileType = sourcecode.swift; path = SceneDelegate.swift; sourceTree = "<group>"; };
		48C2B13227BA830B00CEB60C /* ViewController.swift */ = {isa = PBXFileReference; lastKnownFileType = sourcecode.swift; path = ViewController.swift; sourceTree = "<group>"; };
		48C2B13527BA830B00CEB60C /* Base */ = {isa = PBXFileReference; lastKnownFileType = file.storyboard; name = Base; path = Base.lproj/Main.storyboard; sourceTree = "<group>"; };
		48C2B13727BA830C00CEB60C /* Assets.xcassets */ = {isa = PBXFileReference; lastKnownFileType = folder.assetcatalog; path = Assets.xcassets; sourceTree = "<group>"; };
		48C2B13A27BA830C00CEB60C /* Base */ = {isa = PBXFileReference; lastKnownFileType = file.storyboard; name = Base; path = Base.lproj/LaunchScreen.storyboard; sourceTree = "<group>"; };
		48C2B13C27BA830C00CEB60C /* Info.plist */ = {isa = PBXFileReference; lastKnownFileType = text.plist.xml; path = Info.plist; sourceTree = "<group>"; };
		48C2B14127BA830D00CEB60C /* BitcoinPriceTests.xctest */ = {isa = PBXFileReference; explicitFileType = wrapper.cfbundle; includeInIndex = 0; path = BitcoinPriceTests.xctest; sourceTree = BUILT_PRODUCTS_DIR; };
		48C2B14527BA830D00CEB60C /* BitcoinPriceTests.swift */ = {isa = PBXFileReference; lastKnownFileType = sourcecode.swift; path = BitcoinPriceTests.swift; sourceTree = "<group>"; };
		48C2B14B27BA830D00CEB60C /* BitcoinPriceUITests.xctest */ = {isa = PBXFileReference; explicitFileType = wrapper.cfbundle; includeInIndex = 0; path = BitcoinPriceUITests.xctest; sourceTree = BUILT_PRODUCTS_DIR; };
		48C2B14F27BA830D00CEB60C /* BitcoinPriceUITests.swift */ = {isa = PBXFileReference; lastKnownFileType = sourcecode.swift; path = BitcoinPriceUITests.swift; sourceTree = "<group>"; };
		48C2B15127BA830D00CEB60C /* BitcoinPriceUITestsLaunchTests.swift */ = {isa = PBXFileReference; lastKnownFileType = sourcecode.swift; path = BitcoinPriceUITestsLaunchTests.swift; sourceTree = "<group>"; };
/* End PBXFileReference section */

/* Begin PBXFrameworksBuildPhase section */
		48C2B12827BA830B00CEB60C /* Frameworks */ = {
			isa = PBXFrameworksBuildPhase;
			buildActionMask = 2147483647;
			files = (
			);
			runOnlyForDeploymentPostprocessing = 0;
		};
		48C2B13E27BA830D00CEB60C /* Frameworks */ = {
			isa = PBXFrameworksBuildPhase;
			buildActionMask = 2147483647;
			files = (
			);
			runOnlyForDeploymentPostprocessing = 0;
		};
		48C2B14827BA830D00CEB60C /* Frameworks */ = {
			isa = PBXFrameworksBuildPhase;
			buildActionMask = 2147483647;
			files = (
			);
			runOnlyForDeploymentPostprocessing = 0;
		};
/* End PBXFrameworksBuildPhase section */

/* Begin PBXGroup section */
		48C2B12227BA830B00CEB60C = {
			isa = PBXGroup;
			children = (
				48C2B12D27BA830B00CEB60C /* BitcoinPrice */,
				48C2B14427BA830D00CEB60C /* BitcoinPriceTests */,
				48C2B14E27BA830D00CEB60C /* BitcoinPriceUITests */,
				48C2B12C27BA830B00CEB60C /* Products */,
			);
			sourceTree = "<group>";
		};
		48C2B12C27BA830B00CEB60C /* Products */ = {
			isa = PBXGroup;
			children = (
				48C2B12B27BA830B00CEB60C /* BitcoinPrice.app */,
				48C2B14127BA830D00CEB60C /* BitcoinPriceTests.xctest */,
				48C2B14B27BA830D00CEB60C /* BitcoinPriceUITests.xctest */,
			);
			name = Products;
			sourceTree = "<group>";
		};
		48C2B12D27BA830B00CEB60C /* BitcoinPrice */ = {
			isa = PBXGroup;
			children = (
				48C2B12E27BA830B00CEB60C /* AppDelegate.swift */,
				48C2B13027BA830B00CEB60C /* SceneDelegate.swift */,
				48C2B13227BA830B00CEB60C /* ViewController.swift */,
				48C2B13427BA830B00CEB60C /* Main.storyboard */,
				48C2B13727BA830C00CEB60C /* Assets.xcassets */,
				48C2B13927BA830C00CEB60C /* LaunchScreen.storyboard */,
				48C2B13C27BA830C00CEB60C /* Info.plist */,
			);
			path = BitcoinPrice;
			sourceTree = "<group>";
		};
		48C2B14427BA830D00CEB60C /* BitcoinPriceTests */ = {
			isa = PBXGroup;
			children = (
				48C2B14527BA830D00CEB60C /* BitcoinPriceTests.swift */,
			);
			path = BitcoinPriceTests;
			sourceTree = "<group>";
		};
		48C2B14E27BA830D00CEB60C /* BitcoinPriceUITests */ = {
			isa = PBXGroup;
			children = (
				48C2B14F27BA830D00CEB60C /* BitcoinPriceUITests.swift */,
				48C2B15127BA830D00CEB60C /* BitcoinPriceUITestsLaunchTests.swift */,
			);
			path = BitcoinPriceUITests;
			sourceTree = "<group>";
		};
/* End PBXGroup section */

/* Begin PBXNativeTarget section */
		48C2B12A27BA830B00CEB60C /* BitcoinPrice */ = {
			isa = PBXNativeTarget;
			buildConfigurationList = 48C2B15527BA830D00CEB60C /* Build configuration list for PBXNativeTarget "BitcoinPrice" */;
			buildPhases = (
				48C2B12727BA830B00CEB60C /* Sources */,
				48C2B12827BA830B00CEB60C /* Frameworks */,
				48C2B12927BA830B00CEB60C /* Resources */,
			);
			buildRules = (
			);
			dependencies = (
			);
			name = BitcoinPrice;
			productName = BitcoinPrice;
			productReference = 48C2B12B27BA830B00CEB60C /* BitcoinPrice.app */;
			productType = "com.apple.product-type.application";
		};
		48C2B14027BA830D00CEB60C /* BitcoinPriceTests */ = {
			isa = PBXNativeTarget;
			buildConfigurationList = 48C2B15827BA830D00CEB60C /* Build configuration list for PBXNativeTarget "BitcoinPriceTests" */;
			buildPhases = (
				48C2B13D27BA830D00CEB60C /* Sources */,
				48C2B13E27BA830D00CEB60C /* Frameworks */,
				48C2B13F27BA830D00CEB60C /* Resources */,
			);
			buildRules = (
			);
			dependencies = (
				48C2B14327BA830D00CEB60C /* PBXTargetDependency */,
			);
			name = BitcoinPriceTests;
			productName = BitcoinPriceTests;
			productReference = 48C2B14127BA830D00CEB60C /* BitcoinPriceTests.xctest */;
			productType = "com.apple.product-type.bundle.unit-test";
		};
		48C2B14A27BA830D00CEB60C /* BitcoinPriceUITests */ = {
			isa = PBXNativeTarget;
			buildConfigurationList = 48C2B15B27BA830D00CEB60C /* Build configuration list for PBXNativeTarget "BitcoinPriceUITests" */;
			buildPhases = (
				48C2B14727BA830D00CEB60C /* Sources */,
				48C2B14827BA830D00CEB60C /* Frameworks */,
				48C2B14927BA830D00CEB60C /* Resources */,
			);
			buildRules = (
			);
			dependencies = (
				48C2B14D27BA830D00CEB60C /* PBXTargetDependency */,
			);
			name = BitcoinPriceUITests;
			productName = BitcoinPriceUITests;
			productReference = 48C2B14B27BA830D00CEB60C /* BitcoinPriceUITests.xctest */;
			productType = "com.apple.product-type.bundle.ui-testing";
		};
/* End PBXNativeTarget section */

/* Begin PBXProject section */
		48C2B12327BA830B00CEB60C /* Project object */ = {
			isa = PBXProject;
			attributes = {
				BuildIndependentTargetsInParallel = 1;
				LastSwiftUpdateCheck = 1320;
				LastUpgradeCheck = 1320;
				TargetAttributes = {
					48C2B12A27BA830B00CEB60C = {
						CreatedOnToolsVersion = 13.2.1;
					};
					48C2B14027BA830D00CEB60C = {
						CreatedOnToolsVersion = 13.2.1;
						TestTargetID = 48C2B12A27BA830B00CEB60C;
					};
					48C2B14A27BA830D00CEB60C = {
						CreatedOnToolsVersion = 13.2.1;
						TestTargetID = 48C2B12A27BA830B00CEB60C;
					};
				};
			};
			buildConfigurationList = 48C2B12627BA830B00CEB60C /* Build configuration list for PBXProject "BitcoinPrice" */;
			compatibilityVersion = "Xcode 13.0";
			developmentRegion = en;
			hasScannedForEncodings = 0;
			knownRegions = (
				en,
				Base,
			);
			mainGroup = 48C2B12227BA830B00CEB60C;
			productRefGroup = 48C2B12C27BA830B00CEB60C /* Products */;
			projectDirPath = "";
			projectRoot = "";
			targets = (
				48C2B12A27BA830B00CEB60C /* BitcoinPrice */,
				48C2B14027BA830D00CEB60C /* BitcoinPriceTests */,
				48C2B14A27BA830D00CEB60C /* BitcoinPriceUITests */,
			);
		};
/* End PBXProject section */

/* Begin PBXResourcesBuildPhase section */
		48C2B12927BA830B00CEB60C /* Resources */ = {
			isa = PBXResourcesBuildPhase;
			buildActionMask = 2147483647;
			files = (
				48C2B13B27BA830C00CEB60C /* LaunchScreen.storyboard in Resources */,
				48C2B13827BA830C00CEB60C /* Assets.xcassets in Resources */,
				48C2B13627BA830B00CEB60C /* Main.storyboard in Resources */,
			);
			runOnlyForDeploymentPostprocessing = 0;
		};
		48C2B13F27BA830D00CEB60C /* Resources */ = {
			isa = PBXResourcesBuildPhase;
			buildActionMask = 2147483647;
			files = (
			);
			runOnlyForDeploymentPostprocessing = 0;
		};
		48C2B14927BA830D00CEB60C /* Resources */ = {
			isa = PBXResourcesBuildPhase;
			buildActionMask = 2147483647;
			files = (
			);
			runOnlyForDeploymentPostprocessing = 0;
		};
/* End PBXResourcesBuildPhase section */

/* Begin PBXSourcesBuildPhase section */
		48C2B12727BA830B00CEB60C /* Sources */ = {
			isa = PBXSourcesBuildPhase;
			buildActionMask = 2147483647;
			files = (
				48C2B13327BA830B00CEB60C /* ViewController.swift in Sources */,
				48C2B12F27BA830B00CEB60C /* AppDelegate.swift in Sources */,
				48C2B13127BA830B00CEB60C /* SceneDelegate.swift in Sources */,
			);
			runOnlyForDeploymentPostprocessing = 0;
		};
		48C2B13D27BA830D00CEB60C /* Sources */ = {
			isa = PBXSourcesBuildPhase;
			buildActionMask = 2147483647;
			files = (
				48C2B14627BA830D00CEB60C /* BitcoinPriceTests.swift in Sources */,
			);
			runOnlyForDeploymentPostprocessing = 0;
		};
		48C2B14727BA830D00CEB60C /* Sources */ = {
			isa = PBXSourcesBuildPhase;
			buildActionMask = 2147483647;
			files = (
				48C2B15027BA830D00CEB60C /* BitcoinPriceUITests.swift in Sources */,
				48C2B15227BA830D00CEB60C /* BitcoinPriceUITestsLaunchTests.swift in Sources */,
			);
			runOnlyForDeploymentPostprocessing = 0;
		};
/* End PBXSourcesBuildPhase section */

/* Begin PBXTargetDependency section */
		48C2B14327BA830D00CEB60C /* PBXTargetDependency */ = {
			isa = PBXTargetDependency;
			target = 48C2B12A27BA830B00CEB60C /* BitcoinPrice */;
			targetProxy = 48C2B14227BA830D00CEB60C /* PBXContainerItemProxy */;
		};
		48C2B14D27BA830D00CEB60C /* PBXTargetDependency */ = {
			isa = PBXTargetDependency;
			target = 48C2B12A27BA830B00CEB60C /* BitcoinPrice */;
			targetProxy = 48C2B14C27BA830D00CEB60C /* PBXContainerItemProxy */;
		};
/* End PBXTargetDependency section */

/* Begin PBXVariantGroup section */
		48C2B13427BA830B00CEB60C /* Main.storyboard */ = {
			isa = PBXVariantGroup;
			children = (
				48C2B13527BA830B00CEB60C /* Base */,
			);
			name = Main.storyboard;
			sourceTree = "<group>";
		};
		48C2B13927BA830C00CEB60C /* LaunchScreen.storyboard */ = {
			isa = PBXVariantGroup;
			children = (
				48C2B13A27BA830C00CEB60C /* Base */,
			);
			name = LaunchScreen.storyboard;
			sourceTree = "<group>";
		};
/* End PBXVariantGroup section */

/* Begin XCBuildConfiguration section */
		48C2B15327BA830D00CEB60C /* Debug */ = {
			isa = XCBuildConfiguration;
			buildSettings = {
				ALWAYS_SEARCH_USER_PATHS = NO;
				CLANG_ANALYZER_NONNULL = YES;
				CLANG_ANALYZER_NUMBER_OBJECT_CONVERSION = YES_AGGRESSIVE;
				CLANG_CXX_LANGUAGE_STANDARD = "gnu++17";
				CLANG_CXX_LIBRARY = "libc++";
				CLANG_ENABLE_MODULES = YES;
				CLANG_ENABLE_OBJC_ARC = YES;
				CLANG_ENABLE_OBJC_WEAK = YES;
				CLANG_WARN_BLOCK_CAPTURE_AUTORELEASING = YES;
				CLANG_WARN_BOOL_CONVERSION = YES;
				CLANG_WARN_COMMA = YES;
				CLANG_WARN_CONSTANT_CONVERSION = YES;
				CLANG_WARN_DEPRECATED_OBJC_IMPLEMENTATIONS = YES;
				CLANG_WARN_DIRECT_OBJC_ISA_USAGE = YES_ERROR;
				CLANG_WARN_DOCUMENTATION_COMMENTS = YES;
				CLANG_WARN_EMPTY_BODY = YES;
				CLANG_WARN_ENUM_CONVERSION = YES;
				CLANG_WARN_INFINITE_RECURSION = YES;
				CLANG_WARN_INT_CONVERSION = YES;
				CLANG_WARN_NON_LITERAL_NULL_CONVERSION = YES;
				CLANG_WARN_OBJC_IMPLICIT_RETAIN_SELF = YES;
				CLANG_WARN_OBJC_LITERAL_CONVERSION = YES;
				CLANG_WARN_OBJC_ROOT_CLASS = YES_ERROR;
				CLANG_WARN_QUOTED_INCLUDE_IN_FRAMEWORK_HEADER = YES;
				CLANG_WARN_RANGE_LOOP_ANALYSIS = YES;
				CLANG_WARN_STRICT_PROTOTYPES = YES;
				CLANG_WARN_SUSPICIOUS_MOVE = YES;
				CLANG_WARN_UNGUARDED_AVAILABILITY = YES_AGGRESSIVE;
				CLANG_WARN_UNREACHABLE_CODE = YES;
				CLANG_WARN__DUPLICATE_METHOD_MATCH = YES;
				COPY_PHASE_STRIP = NO;
				DEBUG_INFORMATION_FORMAT = dwarf;
				ENABLE_STRICT_OBJC_MSGSEND = YES;
				ENABLE_TESTABILITY = YES;
				GCC_C_LANGUAGE_STANDARD = gnu11;
				GCC_DYNAMIC_NO_PIC = NO;
				GCC_NO_COMMON_BLOCKS = YES;
				GCC_OPTIMIZATION_LEVEL = 0;
				GCC_PREPROCESSOR_DEFINITIONS = (
					"DEBUG=1",
					"$(inherited)",
				);
				GCC_WARN_64_TO_32_BIT_CONVERSION = YES;
				GCC_WARN_ABOUT_RETURN_TYPE = YES_ERROR;
				GCC_WARN_UNDECLARED_SELECTOR = YES;
				GCC_WARN_UNINITIALIZED_AUTOS = YES_AGGRESSIVE;
				GCC_WARN_UNUSED_FUNCTION = YES;
				GCC_WARN_UNUSED_VARIABLE = YES;
				IPHONEOS_DEPLOYMENT_TARGET = 15.2;
				MTL_ENABLE_DEBUG_INFO = INCLUDE_SOURCE;
				MTL_FAST_MATH = YES;
				ONLY_ACTIVE_ARCH = YES;
				SDKROOT = iphoneos;
				SWIFT_ACTIVE_COMPILATION_CONDITIONS = DEBUG;
				SWIFT_OPTIMIZATION_LEVEL = "-Onone";
			};
			name = Debug;
		};
		48C2B15427BA830D00CEB60C /* Release */ = {
			isa = XCBuildConfiguration;
			buildSettings = {
				ALWAYS_SEARCH_USER_PATHS = NO;
				CLANG_ANALYZER_NONNULL = YES;
				CLANG_ANALYZER_NUMBER_OBJECT_CONVERSION = YES_AGGRESSIVE;
				CLANG_CXX_LANGUAGE_STANDARD = "gnu++17";
				CLANG_CXX_LIBRARY = "libc++";
				CLANG_ENABLE_MODULES = YES;
				CLANG_ENABLE_OBJC_ARC = YES;
				CLANG_ENABLE_OBJC_WEAK = YES;
				CLANG_WARN_BLOCK_CAPTURE_AUTORELEASING = YES;
				CLANG_WARN_BOOL_CONVERSION = YES;
				CLANG_WARN_COMMA = YES;
				CLANG_WARN_CONSTANT_CONVERSION = YES;
				CLANG_WARN_DEPRECATED_OBJC_IMPLEMENTATIONS = YES;
				CLANG_WARN_DIRECT_OBJC_ISA_USAGE = YES_ERROR;
				CLANG_WARN_DOCUMENTATION_COMMENTS = YES;
				CLANG_WARN_EMPTY_BODY = YES;
				CLANG_WARN_ENUM_CONVERSION = YES;
				CLANG_WARN_INFINITE_RECURSION = YES;
				CLANG_WARN_INT_CONVERSION = YES;
				CLANG_WARN_NON_LITERAL_NULL_CONVERSION = YES;
				CLANG_WARN_OBJC_IMPLICIT_RETAIN_SELF = YES;
				CLANG_WARN_OBJC_LITERAL_CONVERSION = YES;
				CLANG_WARN_OBJC_ROOT_CLASS = YES_ERROR;
				CLANG_WARN_QUOTED_INCLUDE_IN_FRAMEWORK_HEADER = YES;
				CLANG_WARN_RANGE_LOOP_ANALYSIS = YES;
				CLANG_WARN_STRICT_PROTOTYPES = YES;
				CLANG_WARN_SUSPICIOUS_MOVE = YES;
				CLANG_WARN_UNGUARDED_AVAILABILITY = YES_AGGRESSIVE;
				CLANG_WARN_UNREACHABLE_CODE = YES;
				CLANG_WARN__DUPLICATE_METHOD_MATCH = YES;
				COPY_PHASE_STRIP = NO;
				DEBUG_INFORMATION_FORMAT = "dwarf-with-dsym";
				ENABLE_NS_ASSERTIONS = NO;
				ENABLE_STRICT_OBJC_MSGSEND = YES;
				GCC_C_LANGUAGE_STANDARD = gnu11;
				GCC_NO_COMMON_BLOCKS = YES;
				GCC_WARN_64_TO_32_BIT_CONVERSION = YES;
				GCC_WARN_ABOUT_RETURN_TYPE = YES_ERROR;
				GCC_WARN_UNDECLARED_SELECTOR = YES;
				GCC_WARN_UNINITIALIZED_AUTOS = YES_AGGRESSIVE;
				GCC_WARN_UNUSED_FUNCTION = YES;
				GCC_WARN_UNUSED_VARIABLE = YES;
				IPHONEOS_DEPLOYMENT_TARGET = 15.2;
				MTL_ENABLE_DEBUG_INFO = NO;
				MTL_FAST_MATH = YES;
				SDKROOT = iphoneos;
				SWIFT_COMPILATION_MODE = wholemodule;
				SWIFT_OPTIMIZATION_LEVEL = "-O";
				VALIDATE_PRODUCT = YES;
			};
			name = Release;
		};
		48C2B15627BA830D00CEB60C /* Debug */ = {
			isa = XCBuildConfiguration;
			buildSettings = {
				ASSETCATALOG_COMPILER_APPICON_NAME = AppIcon;
				ASSETCATALOG_COMPILER_GLOBAL_ACCENT_COLOR_NAME = AccentColor;
				CODE_SIGN_STYLE = Automatic;
				CURRENT_PROJECT_VERSION = 1;
				DEVELOPMENT_TEAM = LX4RJK2S2B;
				GENERATE_INFOPLIST_FILE = YES;
				INFOPLIST_FILE = BitcoinPrice/Info.plist;
				INFOPLIST_KEY_UIApplicationSupportsIndirectInputEvents = YES;
				INFOPLIST_KEY_UILaunchStoryboardName = LaunchScreen;
				INFOPLIST_KEY_UIMainStoryboardFile = Main;
				INFOPLIST_KEY_UISupportedInterfaceOrientations_iPad = "UIInterfaceOrientationPortrait UIInterfaceOrientationPortraitUpsideDown UIInterfaceOrientationLandscapeLeft UIInterfaceOrientationLandscapeRight";
				INFOPLIST_KEY_UISupportedInterfaceOrientations_iPhone = "UIInterfaceOrientationPortrait UIInterfaceOrientationLandscapeLeft UIInterfaceOrientationLandscapeRight";
				LD_RUNPATH_SEARCH_PATHS = (
					"$(inherited)",
					"@executable_path/Frameworks",
				);
				MARKETING_VERSION = 1.0;
				PRODUCT_BUNDLE_IDENTIFIER = br.com.bendazzoli.BitcoinPrice;
				PRODUCT_NAME = "$(TARGET_NAME)";
				SWIFT_EMIT_LOC_STRINGS = YES;
				SWIFT_VERSION = 5.0;
				TARGETED_DEVICE_FAMILY = "1,2";
			};
			name = Debug;
		};
		48C2B15727BA830D00CEB60C /* Release */ = {
			isa = XCBuildConfiguration;
			buildSettings = {
				ASSETCATALOG_COMPILER_APPICON_NAME = AppIcon;
				ASSETCATALOG_COMPILER_GLOBAL_ACCENT_COLOR_NAME = AccentColor;
				CODE_SIGN_STYLE = Automatic;
				CURRENT_PROJECT_VERSION = 1;
				DEVELOPMENT_TEAM = LX4RJK2S2B;
				GENERATE_INFOPLIST_FILE = YES;
				INFOPLIST_FILE = BitcoinPrice/Info.plist;
				INFOPLIST_KEY_UIApplicationSupportsIndirectInputEvents = YES;
				INFOPLIST_KEY_UILaunchStoryboardName = LaunchScreen;
				INFOPLIST_KEY_UIMainStoryboardFile = Main;
				INFOPLIST_KEY_UISupportedInterfaceOrientations_iPad = "UIInterfaceOrientationPortrait UIInterfaceOrientationPortraitUpsideDown UIInterfaceOrientationLandscapeLeft UIInterfaceOrientationLandscapeRight";
				INFOPLIST_KEY_UISupportedInterfaceOrientations_iPhone = "UIInterfaceOrientationPortrait UIInterfaceOrientationLandscapeLeft UIInterfaceOrientationLandscapeRight";
				LD_RUNPATH_SEARCH_PATHS = (
					"$(inherited)",
					"@executable_path/Frameworks",
				);
				MARKETING_VERSION = 1.0;
				PRODUCT_BUNDLE_IDENTIFIER = br.com.bendazzoli.BitcoinPrice;
				PRODUCT_NAME = "$(TARGET_NAME)";
				SWIFT_EMIT_LOC_STRINGS = YES;
				SWIFT_VERSION = 5.0;
				TARGETED_DEVICE_FAMILY = "1,2";
			};
			name = Release;
		};
		48C2B15927BA830D00CEB60C /* Debug */ = {
			isa = XCBuildConfiguration;
			buildSettings = {
				ALWAYS_EMBED_SWIFT_STANDARD_LIBRARIES = YES;
				BUNDLE_LOADER = "$(TEST_HOST)";
				CODE_SIGN_STYLE = Automatic;
				CURRENT_PROJECT_VERSION = 1;
				DEVELOPMENT_TEAM = LX4RJK2S2B;
				GENERATE_INFOPLIST_FILE = YES;
				IPHONEOS_DEPLOYMENT_TARGET = 15.2;
				MARKETING_VERSION = 1.0;
				PRODUCT_BUNDLE_IDENTIFIER = br.com.bendazzoli.BitcoinPriceTests;
				PRODUCT_NAME = "$(TARGET_NAME)";
				SWIFT_EMIT_LOC_STRINGS = NO;
				SWIFT_VERSION = 5.0;
				TARGETED_DEVICE_FAMILY = "1,2";
				TEST_HOST = "$(BUILT_PRODUCTS_DIR)/BitcoinPrice.app/BitcoinPrice";
			};
			name = Debug;
		};
		48C2B15A27BA830D00CEB60C /* Release */ = {
			isa = XCBuildConfiguration;
			buildSettings = {
				ALWAYS_EMBED_SWIFT_STANDARD_LIBRARIES = YES;
				BUNDLE_LOADER = "$(TEST_HOST)";
				CODE_SIGN_STYLE = Automatic;
				CURRENT_PROJECT_VERSION = 1;
				DEVELOPMENT_TEAM = LX4RJK2S2B;
				GENERATE_INFOPLIST_FILE = YES;
				IPHONEOS_DEPLOYMENT_TARGET = 15.2;
				MARKETING_VERSION = 1.0;
				PRODUCT_BUNDLE_IDENTIFIER = br.com.bendazzoli.BitcoinPriceTests;
				PRODUCT_NAME = "$(TARGET_NAME)";
				SWIFT_EMIT_LOC_STRINGS = NO;
				SWIFT_VERSION = 5.0;
				TARGETED_DEVICE_FAMILY = "1,2";
				TEST_HOST = "$(BUILT_PRODUCTS_DIR)/BitcoinPrice.app/BitcoinPrice";
			};
			name = Release;
		};
		48C2B15C27BA830D00CEB60C /* Debug */ = {
			isa = XCBuildConfiguration;
			buildSettings = {
				ALWAYS_EMBED_SWIFT_STANDARD_LIBRARIES = YES;
				CODE_SIGN_STYLE = Automatic;
				CURRENT_PROJECT_VERSION = 1;
				DEVELOPMENT_TEAM = LX4RJK2S2B;
				GENERATE_INFOPLIST_FILE = YES;
				MARKETING_VERSION = 1.0;
				PRODUCT_BUNDLE_IDENTIFIER = br.com.bendazzoli.BitcoinPriceUITests;
				PRODUCT_NAME = "$(TARGET_NAME)";
				SWIFT_EMIT_LOC_STRINGS = NO;
				SWIFT_VERSION = 5.0;
				TARGETED_DEVICE_FAMILY = "1,2";
				TEST_TARGET_NAME = BitcoinPrice;
			};
			name = Debug;
		};
		48C2B15D27BA830D00CEB60C /* Release */ = {
			isa = XCBuildConfiguration;
			buildSettings = {
				ALWAYS_EMBED_SWIFT_STANDARD_LIBRARIES = YES;
				CODE_SIGN_STYLE = Automatic;
				CURRENT_PROJECT_VERSION = 1;
				DEVELOPMENT_TEAM = LX4RJK2S2B;
				GENERATE_INFOPLIST_FILE = YES;
				MARKETING_VERSION = 1.0;
				PRODUCT_BUNDLE_IDENTIFIER = br.com.bendazzoli.BitcoinPriceUITests;
				PRODUCT_NAME = "$(TARGET_NAME)";
				SWIFT_EMIT_LOC_STRINGS = NO;
				SWIFT_VERSION = 5.0;
				TARGETED_DEVICE_FAMILY = "1,2";
				TEST_TARGET_NAME = BitcoinPrice;
			};
			name = Release;
		};
/* End XCBuildConfiguration section */

/* Begin XCConfigurationList section */
		48C2B12627BA830B00CEB60C /* Build configuration list for PBXProject "BitcoinPrice" */ = {
			isa = XCConfigurationList;
			buildConfigurations = (
				48C2B15327BA830D00CEB60C /* Debug */,
				48C2B15427BA830D00CEB60C /* Release */,
			);
			defaultConfigurationIsVisible = 0;
			defaultConfigurationName = Release;
		};
		48C2B15527BA830D00CEB60C /* Build configuration list for PBXNativeTarget "BitcoinPrice" */ = {
			isa = XCConfigurationList;
			buildConfigurations = (
				48C2B15627BA830D00CEB60C /* Debug */,
				48C2B15727BA830D00CEB60C /* Release */,
			);
			defaultConfigurationIsVisible = 0;
			defaultConfigurationName = Release;
		};
		48C2B15827BA830D00CEB60C /* Build configuration list for PBXNativeTarget "BitcoinPriceTests" */ = {
			isa = XCConfigurationList;
			buildConfigurations = (
				48C2B15927BA830D00CEB60C /* Debug */,
				48C2B15A27BA830D00CEB60C /* Release */,
			);
			defaultConfigurationIsVisible = 0;
			defaultConfigurationName = Release;
		};
		48C2B15B27BA830D00CEB60C /* Build configuration list for PBXNativeTarget "BitcoinPriceUITests" */ = {
			isa = XCConfigurationList;
			buildConfigurations = (
				48C2B15C27BA830D00CEB60C /* Debug */,
				48C2B15D27BA830D00CEB60C /* Release */,
			);
			defaultConfigurationIsVisible = 0;
			defaultConfigurationName = Release;
		};
/* End XCConfigurationList section */
	};
	rootObject = 48C2B12327BA830B00CEB60C /* Project object */;
}
